
Microsoft Visual Studio Solution File, Format Version 11.00
# Visual Studio 2010
Project("{FAE04EC0-301F-11D3-BF4B-00C04F79EFBC}") = "P02ReverseString", "P02ReverseString\P02ReverseString.csproj", "{DAEEAE2F-7BC2-4416-9F70-744803C78176}"
EndProject
Project("{FAE04EC0-301F-11D3-BF4B-00C04F79EFBC}") = "P03CheckBrackets", "P03CheckBrackets\P03CheckBrackets.csproj", "{C4CD32D8-4783-48AA-AAAA-233704A44521}"
EndProject
Project("{FAE04EC0-301F-11D3-BF4B-00C04F79EFBC}") = "P04CaseInsensitiveSearch", "P04CaseInsensitiveSearch\P04CaseInsensitiveSearch.csproj", "{40989BD9-E1E9-46CC-B099-48C3ACBBA7F9}"
EndProject
Project("{FAE04EC0-301F-11D3-BF4B-00C04F79EFBC}") = "P05UpperCase", "P05UpperCase\P05UpperCase.csproj", "{5A7993FD-DA49-4362-A383-C45D1FE687C3}"
EndProject
Project("{FAE04EC0-301F-11D3-BF4B-00C04F79EFBC}") = "P25ExtractHtml", "P25ExtractHtml\P25ExtractHtml.csproj", "{A052E448-9158-4F37-839A-24C6EE0D7410}"
EndProject
Project("{FAE04EC0-301F-11D3-BF4B-00C04F79EFBC}") = "P06Print20Chars", "P06Print20Chars\P06Print20Chars.csproj", "{7F75B437-3008-4AFB-BF2D-A84A3D13EACB}"
EndProject
Project("{FAE04EC0-301F-11D3-BF4B-00C04F79EFBC}") = "P07EncoderDecoder", "P07EncoderDecoder\P07EncoderDecoder.csproj", "{238724F0-AC3B-4B27-9C7A-91B95F7C6B98}"
EndProject
Project("{FAE04EC0-301F-11D3-BF4B-00C04F79EFBC}") = "P08ExtractSentences", "P08ExtractSentences\P08ExtractSentences.csproj", "{5CFB9E71-9CE0-42B8-8B1F-9B3D082AB37F}"
EndProject
Project("{FAE04EC0-301F-11D3-BF4B-00C04F79EFBC}") = "P09ForbiddenWords", "P09ForbiddenWords\P09ForbiddenWords.csproj", "{4DF66337-C2A8-4E3B-AA41-F374078FC42C}"
EndProject
Project("{FAE04EC0-301F-11D3-BF4B-00C04F79EFBC}") = "P10ConvertToUnicode", "P10ConvertToUnicode\P10ConvertToUnicode.csproj", "{39EC30D0-C414-4ACF-B69F-B73B322CB2E4}"
EndProject
Project("{FAE04EC0-301F-11D3-BF4B-00C04F79EFBC}") = "P11PrintNumber", "P11PrintNumber\P11PrintNumber.csproj", "{1B787C92-548E-4526-869F-42F9F459CBC4}"
EndProject
Project("{FAE04EC0-301F-11D3-BF4B-00C04F79EFBC}") = "P12ParseURL", "P12ParseURL\P12ParseURL.csproj", "{021FCABF-5E4E-4A88-82EE-DED231D5000A}"
EndProject
Project("{FAE04EC0-301F-11D3-BF4B-00C04F79EFBC}") = "P13ReverseWordsInSentence", "P13ReverseWordsInSentence\P13ReverseWordsInSentence.csproj", "{54402863-FA99-468D-B792-3C94A6038076}"
EndProject
Project("{FAE04EC0-301F-11D3-BF4B-00C04F79EFBC}") = "P14Dictionary", "P14Dictionary\P14Dictionary.csproj", "{0A87E8AC-98DA-4FB6-B631-6BBE82521AD4}"
EndProject
Project("{FAE04EC0-301F-11D3-BF4B-00C04F79EFBC}") = "P15ReplaceURLTags", "P15ReplaceURLTags\P15ReplaceURLTags.csproj", "{20E9E170-4D11-4CCA-9B5F-A14BF1471366}"
EndProject
Project("{FAE04EC0-301F-11D3-BF4B-00C04F79EFBC}") = "P16CalculateDateDistance", "P16CalculateDateDistance\P16CalculateDateDistance.csproj", "{82A604ED-054E-4676-BBEB-49185BFBEF5E}"
EndProject
Project("{FAE04EC0-301F-11D3-BF4B-00C04F79EFBC}") = "P17ReadModifyPrintDate", "P17ReadModifyPrintDate\P17ReadModifyPrintDate.csproj", "{B7BB2A45-46D4-4EF8-B3E5-8FC6E08B432B}"
EndProject
Project("{FAE04EC0-301F-11D3-BF4B-00C04F79EFBC}") = "P18ExtractEmails", "P18ExtractEmails\P18ExtractEmails.csproj", "{7EE20F57-6A10-46FA-A482-844DD9FB4C5A}"
EndProject
Project("{FAE04EC0-301F-11D3-BF4B-00C04F79EFBC}") = "P19ExtractDate", "P19ExtractDate\P19ExtractDate.csproj", "{BBAD1810-1DEB-4B62-86CE-8A2176CEF794}"
EndProject
Project("{FAE04EC0-301F-11D3-BF4B-00C04F79EFBC}") = "P21PrintDifferentLetters", "P21PrintDifferentLetters\P21PrintDifferentLetters.csproj", "{1DF0AED2-F809-43EA-9D2A-0F859FF541A3}"
EndProject
Project("{FAE04EC0-301F-11D3-BF4B-00C04F79EFBC}") = "P22CountWords", "P22CountWords\P22CountWords.csproj", "{8FE0C18D-9A8F-4FAE-A0D1-1DDD8A122427}"
EndProject
Project("{FAE04EC0-301F-11D3-BF4B-00C04F79EFBC}") = "P23ConsecutiveLetters", "P23ConsecutiveLetters\P23ConsecutiveLetters.csproj", "{F0A03669-2966-43F2-AE33-24E0380DB4AD}"
EndProject
Project("{FAE04EC0-301F-11D3-BF4B-00C04F79EFBC}") = "P24SortWords", "P24SortWords\P24SortWords.csproj", "{5E6BD60A-3FEF-4535-95D7-0E9CB2FBFEC2}"
EndProject
Project("{FAE04EC0-301F-11D3-BF4B-00C04F79EFBC}") = "P20Palindromes", "P20Palindromes\P20Palindromes.csproj", "{6F4FFF89-859E-4C04-8975-1E25F1CF5725}"
EndProject
Global
	GlobalSection(SolutionConfigurationPlatforms) = preSolution
		Debug|x86 = Debug|x86
		Release|x86 = Release|x86
	EndGlobalSection
	GlobalSection(ProjectConfigurationPlatforms) = postSolution
		{DAEEAE2F-7BC2-4416-9F70-744803C78176}.Debug|x86.ActiveCfg = Debug|x86
		{DAEEAE2F-7BC2-4416-9F70-744803C78176}.Debug|x86.Build.0 = Debug|x86
		{DAEEAE2F-7BC2-4416-9F70-744803C78176}.Release|x86.ActiveCfg = Release|x86
		{DAEEAE2F-7BC2-4416-9F70-744803C78176}.Release|x86.Build.0 = Release|x86
		{C4CD32D8-4783-48AA-AAAA-233704A44521}.Debug|x86.ActiveCfg = Debug|x86
		{C4CD32D8-4783-48AA-AAAA-233704A44521}.Debug|x86.Build.0 = Debug|x86
		{C4CD32D8-4783-48AA-AAAA-233704A44521}.Release|x86.ActiveCfg = Release|x86
		{C4CD32D8-4783-48AA-AAAA-233704A44521}.Release|x86.Build.0 = Release|x86
		{40989BD9-E1E9-46CC-B099-48C3ACBBA7F9}.Debug|x86.ActiveCfg = Debug|x86
		{40989BD9-E1E9-46CC-B099-48C3ACBBA7F9}.Debug|x86.Build.0 = Debug|x86
		{40989BD9-E1E9-46CC-B099-48C3ACBBA7F9}.Release|x86.ActiveCfg = Release|x86
		{40989BD9-E1E9-46CC-B099-48C3ACBBA7F9}.Release|x86.Build.0 = Release|x86
		{5A7993FD-DA49-4362-A383-C45D1FE687C3}.Debug|x86.ActiveCfg = Debug|x86
		{5A7993FD-DA49-4362-A383-C45D1FE687C3}.Debug|x86.Build.0 = Debug|x86
		{5A7993FD-DA49-4362-A383-C45D1FE687C3}.Release|x86.ActiveCfg = Release|x86
		{5A7993FD-DA49-4362-A383-C45D1FE687C3}.Release|x86.Build.0 = Release|x86
		{A052E448-9158-4F37-839A-24C6EE0D7410}.Debug|x86.ActiveCfg = Debug|x86
		{A052E448-9158-4F37-839A-24C6EE0D7410}.Debug|x86.Build.0 = Debug|x86
		{A052E448-9158-4F37-839A-24C6EE0D7410}.Release|x86.ActiveCfg = Release|x86
		{A052E448-9158-4F37-839A-24C6EE0D7410}.Release|x86.Build.0 = Release|x86
		{7F75B437-3008-4AFB-BF2D-A84A3D13EACB}.Debug|x86.ActiveCfg = Debug|x86
		{7F75B437-3008-4AFB-BF2D-A84A3D13EACB}.Debug|x86.Build.0 = Debug|x86
		{7F75B437-3008-4AFB-BF2D-A84A3D13EACB}.Release|x86.ActiveCfg = Release|x86
		{7F75B437-3008-4AFB-BF2D-A84A3D13EACB}.Release|x86.Build.0 = Release|x86
		{238724F0-AC3B-4B27-9C7A-91B95F7C6B98}.Debug|x86.ActiveCfg = Debug|x86
		{238724F0-AC3B-4B27-9C7A-91B95F7C6B98}.Debug|x86.Build.0 = Debug|x86
		{238724F0-AC3B-4B27-9C7A-91B95F7C6B98}.Release|x86.ActiveCfg = Release|x86
		{238724F0-AC3B-4B27-9C7A-91B95F7C6B98}.Release|x86.Build.0 = Release|x86
		{5CFB9E71-9CE0-42B8-8B1F-9B3D082AB37F}.Debug|x86.ActiveCfg = Debug|x86
		{5CFB9E71-9CE0-42B8-8B1F-9B3D082AB37F}.Debug|x86.Build.0 = Debug|x86
		{5CFB9E71-9CE0-42B8-8B1F-9B3D082AB37F}.Release|x86.ActiveCfg = Release|x86
		{5CFB9E71-9CE0-42B8-8B1F-9B3D082AB37F}.Release|x86.Build.0 = Release|x86
		{4DF66337-C2A8-4E3B-AA41-F374078FC42C}.Debug|x86.ActiveCfg = Debug|x86
		{4DF66337-C2A8-4E3B-AA41-F374078FC42C}.Debug|x86.Build.0 = Debug|x86
		{4DF66337-C2A8-4E3B-AA41-F374078FC42C}.Release|x86.ActiveCfg = Release|x86
		{4DF66337-C2A8-4E3B-AA41-F374078FC42C}.Release|x86.Build.0 = Release|x86
		{39EC30D0-C414-4ACF-B69F-B73B322CB2E4}.Debug|x86.ActiveCfg = Debug|x86
		{39EC30D0-C414-4ACF-B69F-B73B322CB2E4}.Debug|x86.Build.0 = Debug|x86
		{39EC30D0-C414-4ACF-B69F-B73B322CB2E4}.Release|x86.ActiveCfg = Release|x86
		{39EC30D0-C414-4ACF-B69F-B73B322CB2E4}.Release|x86.Build.0 = Release|x86
		{1B787C92-548E-4526-869F-42F9F459CBC4}.Debug|x86.ActiveCfg = Debug|x86
		{1B787C92-548E-4526-869F-42F9F459CBC4}.Debug|x86.Build.0 = Debug|x86
		{1B787C92-548E-4526-869F-42F9F459CBC4}.Release|x86.ActiveCfg = Release|x86
		{1B787C92-548E-4526-869F-42F9F459CBC4}.Release|x86.Build.0 = Release|x86
		{021FCABF-5E4E-4A88-82EE-DED231D5000A}.Debug|x86.ActiveCfg = Debug|x86
		{021FCABF-5E4E-4A88-82EE-DED231D5000A}.Debug|x86.Build.0 = Debug|x86
		{021FCABF-5E4E-4A88-82EE-DED231D5000A}.Release|x86.ActiveCfg = Release|x86
		{021FCABF-5E4E-4A88-82EE-DED231D5000A}.Release|x86.Build.0 = Release|x86
		{54402863-FA99-468D-B792-3C94A6038076}.Debug|x86.ActiveCfg = Debug|x86
		{54402863-FA99-468D-B792-3C94A6038076}.Debug|x86.Build.0 = Debug|x86
		{54402863-FA99-468D-B792-3C94A6038076}.Release|x86.ActiveCfg = Release|x86
		{54402863-FA99-468D-B792-3C94A6038076}.Release|x86.Build.0 = Release|x86
		{0A87E8AC-98DA-4FB6-B631-6BBE82521AD4}.Debug|x86.ActiveCfg = Debug|x86
		{0A87E8AC-98DA-4FB6-B631-6BBE82521AD4}.Debug|x86.Build.0 = Debug|x86
		{0A87E8AC-98DA-4FB6-B631-6BBE82521AD4}.Release|x86.ActiveCfg = Release|x86
		{0A87E8AC-98DA-4FB6-B631-6BBE82521AD4}.Release|x86.Build.0 = Release|x86
		{20E9E170-4D11-4CCA-9B5F-A14BF1471366}.Debug|x86.ActiveCfg = Debug|x86
		{20E9E170-4D11-4CCA-9B5F-A14BF1471366}.Debug|x86.Build.0 = Debug|x86
		{20E9E170-4D11-4CCA-9B5F-A14BF1471366}.Release|x86.ActiveCfg = Release|x86
		{20E9E170-4D11-4CCA-9B5F-A14BF1471366}.Release|x86.Build.0 = Release|x86
		{82A604ED-054E-4676-BBEB-49185BFBEF5E}.Debug|x86.ActiveCfg = Debug|x86
		{82A604ED-054E-4676-BBEB-49185BFBEF5E}.Debug|x86.Build.0 = Debug|x86
		{82A604ED-054E-4676-BBEB-49185BFBEF5E}.Release|x86.ActiveCfg = Release|x86
		{82A604ED-054E-4676-BBEB-49185BFBEF5E}.Release|x86.Build.0 = Release|x86
		{B7BB2A45-46D4-4EF8-B3E5-8FC6E08B432B}.Debug|x86.ActiveCfg = Debug|x86
		{B7BB2A45-46D4-4EF8-B3E5-8FC6E08B432B}.Debug|x86.Build.0 = Debug|x86
		{B7BB2A45-46D4-4EF8-B3E5-8FC6E08B432B}.Release|x86.ActiveCfg = Release|x86
		{B7BB2A45-46D4-4EF8-B3E5-8FC6E08B432B}.Release|x86.Build.0 = Release|x86
		{7EE20F57-6A10-46FA-A482-844DD9FB4C5A}.Debug|x86.ActiveCfg = Debug|x86
		{7EE20F57-6A10-46FA-A482-844DD9FB4C5A}.Debug|x86.Build.0 = Debug|x86
		{7EE20F57-6A10-46FA-A482-844DD9FB4C5A}.Release|x86.ActiveCfg = Release|x86
		{7EE20F57-6A10-46FA-A482-844DD9FB4C5A}.Release|x86.Build.0 = Release|x86
		{BBAD1810-1DEB-4B62-86CE-8A2176CEF794}.Debug|x86.ActiveCfg = Debug|x86
		{BBAD1810-1DEB-4B62-86CE-8A2176CEF794}.Debug|x86.Build.0 = Debug|x86
		{BBAD1810-1DEB-4B62-86CE-8A2176CEF794}.Release|x86.ActiveCfg = Release|x86
		{BBAD1810-1DEB-4B62-86CE-8A2176CEF794}.Release|x86.Build.0 = Release|x86
		{1DF0AED2-F809-43EA-9D2A-0F859FF541A3}.Debug|x86.ActiveCfg = Debug|x86
		{1DF0AED2-F809-43EA-9D2A-0F859FF541A3}.Debug|x86.Build.0 = Debug|x86
		{1DF0AED2-F809-43EA-9D2A-0F859FF541A3}.Release|x86.ActiveCfg = Release|x86
		{1DF0AED2-F809-43EA-9D2A-0F859FF541A3}.Release|x86.Build.0 = Release|x86
		{8FE0C18D-9A8F-4FAE-A0D1-1DDD8A122427}.Debug|x86.ActiveCfg = Debug|x86
		{8FE0C18D-9A8F-4FAE-A0D1-1DDD8A122427}.Debug|x86.Build.0 = Debug|x86
		{8FE0C18D-9A8F-4FAE-A0D1-1DDD8A122427}.Release|x86.ActiveCfg = Release|x86
		{8FE0C18D-9A8F-4FAE-A0D1-1DDD8A122427}.Release|x86.Build.0 = Release|x86
		{F0A03669-2966-43F2-AE33-24E0380DB4AD}.Debug|x86.ActiveCfg = Debug|x86
		{F0A03669-2966-43F2-AE33-24E0380DB4AD}.Debug|x86.Build.0 = Debug|x86
		{F0A03669-2966-43F2-AE33-24E0380DB4AD}.Release|x86.ActiveCfg = Release|x86
		{F0A03669-2966-43F2-AE33-24E0380DB4AD}.Release|x86.Build.0 = Release|x86
		{5E6BD60A-3FEF-4535-95D7-0E9CB2FBFEC2}.Debug|x86.ActiveCfg = Debug|x86
		{5E6BD60A-3FEF-4535-95D7-0E9CB2FBFEC2}.Debug|x86.Build.0 = Debug|x86
		{5E6BD60A-3FEF-4535-95D7-0E9CB2FBFEC2}.Release|x86.ActiveCfg = Release|x86
		{5E6BD60A-3FEF-4535-95D7-0E9CB2FBFEC2}.Release|x86.Build.0 = Release|x86
		{6F4FFF89-859E-4C04-8975-1E25F1CF5725}.Debug|x86.ActiveCfg = Debug|x86
		{6F4FFF89-859E-4C04-8975-1E25F1CF5725}.Debug|x86.Build.0 = Debug|x86
		{6F4FFF89-859E-4C04-8975-1E25F1CF5725}.Release|x86.ActiveCfg = Release|x86
		{6F4FFF89-859E-4C04-8975-1E25F1CF5725}.Release|x86.Build.0 = Release|x86
	EndGlobalSection
	GlobalSection(SolutionProperties) = preSolution
		HideSolutionNode = FALSE
	EndGlobalSection
EndGlobal
