
Microsoft Visual Studio Solution File, Format Version 11.00
# Visual Studio 2010
Project("{FAE04EC0-301F-11D3-BF4B-00C04F79EFBC}") = "P01", "P01\P01.csproj", "{9C41D957-256F-47F4-84DD-4F12BC6F708B}"
EndProject
Project("{FAE04EC0-301F-11D3-BF4B-00C04F79EFBC}") = "P02", "P02\P02.csproj", "{7506165A-9BED-4F50-95A4-923025DE7288}"
EndProject
Project("{FAE04EC0-301F-11D3-BF4B-00C04F79EFBC}") = "P04", "P04\P04.csproj", "{DF4D8023-9F4B-43D8-9784-343F32C1067C}"
EndProject
Project("{FAE04EC0-301F-11D3-BF4B-00C04F79EFBC}") = "P05", "P05\P05.csproj", "{88BF294D-D758-4A9A-9300-907ADCFA6093}"
EndProject
Global
	GlobalSection(SolutionConfigurationPlatforms) = preSolution
		Debug|x86 = Debug|x86
		Release|x86 = Release|x86
	EndGlobalSection
	GlobalSection(ProjectConfigurationPlatforms) = postSolution
		{9C41D957-256F-47F4-84DD-4F12BC6F708B}.Debug|x86.ActiveCfg = Debug|x86
		{9C41D957-256F-47F4-84DD-4F12BC6F708B}.Debug|x86.Build.0 = Debug|x86
		{9C41D957-256F-47F4-84DD-4F12BC6F708B}.Release|x86.ActiveCfg = Release|x86
		{9C41D957-256F-47F4-84DD-4F12BC6F708B}.Release|x86.Build.0 = Release|x86
		{7506165A-9BED-4F50-95A4-923025DE7288}.Debug|x86.ActiveCfg = Debug|x86
		{7506165A-9BED-4F50-95A4-923025DE7288}.Debug|x86.Build.0 = Debug|x86
		{7506165A-9BED-4F50-95A4-923025DE7288}.Release|x86.ActiveCfg = Release|x86
		{7506165A-9BED-4F50-95A4-923025DE7288}.Release|x86.Build.0 = Release|x86
		{DF4D8023-9F4B-43D8-9784-343F32C1067C}.Debug|x86.ActiveCfg = Debug|x86
		{DF4D8023-9F4B-43D8-9784-343F32C1067C}.Debug|x86.Build.0 = Debug|x86
		{DF4D8023-9F4B-43D8-9784-343F32C1067C}.Release|x86.ActiveCfg = Release|x86
		{DF4D8023-9F4B-43D8-9784-343F32C1067C}.Release|x86.Build.0 = Release|x86
		{88BF294D-D758-4A9A-9300-907ADCFA6093}.Debug|x86.ActiveCfg = Debug|x86
		{88BF294D-D758-4A9A-9300-907ADCFA6093}.Debug|x86.Build.0 = Debug|x86
		{88BF294D-D758-4A9A-9300-907ADCFA6093}.Release|x86.ActiveCfg = Release|x86
		{88BF294D-D758-4A9A-9300-907ADCFA6093}.Release|x86.Build.0 = Release|x86
	EndGlobalSection
	GlobalSection(SolutionProperties) = preSolution
		HideSolutionNode = FALSE
	EndGlobalSection
EndGlobal
